
Microsoft Visual Studio Solution File, Format Version 12.00
# Visual Studio Version 17
VisualStudioVersion = 17.9.34728.123
MinimumVisualStudioVersion = 10.0.40219.1
Project("{FAE04EC0-301F-11D3-BF4B-00C04F79EFBC}") = "ems-backend", "ems-backend\ems-backend.csproj", "{687DFF51-4CEF-410B-B466-B937D921680A}"
EndProject
Global
	GlobalSection(SolutionConfigurationPlatforms) = preSolution
		Debug|Any CPU = Debug|Any CPU
		Release|Any CPU = Release|Any CPU
	EndGlobalSection
	GlobalSection(ProjectConfigurationPlatforms) = postSolution
		{687DFF51-4CEF-410B-B466-B937D921680A}.Debug|Any CPU.ActiveCfg = Debug|Any CPU
		{687DFF51-4CEF-410B-B466-B937D921680A}.Debug|Any CPU.Build.0 = Debug|Any CPU
		{687DFF51-4CEF-410B-B466-B937D921680A}.Release|Any CPU.ActiveCfg = Release|Any CPU
		{687DFF51-4CEF-410B-B466-B937D921680A}.Release|Any CPU.Build.0 = Release|Any CPU
	EndGlobalSection
	GlobalSection(SolutionProperties) = preSolution
		HideSolutionNode = FALSE
	EndGlobalSection
	GlobalSection(ExtensibilityGlobals) = postSolution
		SolutionGuid = {CE6D222B-E1F3-4E27-B763-7B73790FB9F6}
	EndGlobalSection
EndGlobal
